
Microsoft Visual Studio Solution File, Format Version 12.00
# Visual Studio Version 16
VisualStudioVersion = 16.0.31911.196
MinimumVisualStudioVersion = 10.0.40219.1
Project("{FAE04EC0-301F-11D3-BF4B-00C04F79EFBC}") = "Systems.IHS.Plc.PlcToolCmd", "Systems.IHS.Plc.PlcToolCmd\Systems.IHS.Plc.PlcToolCmd.csproj", "{1ABDA1E5-D3BB-4562-9ED7-59F7CBC40A28}"
EndProject
Global
	GlobalSection(SolutionConfigurationPlatforms) = preSolution
		Debug|Any CPU = Debug|Any CPU
		Release|Any CPU = Release|Any CPU
	EndGlobalSection
	GlobalSection(ProjectConfigurationPlatforms) = postSolution
		{1ABDA1E5-D3BB-4562-9ED7-59F7CBC40A28}.Debug|Any CPU.ActiveCfg = Debug|Any CPU
		{1ABDA1E5-D3BB-4562-9ED7-59F7CBC40A28}.Debug|Any CPU.Build.0 = Debug|Any CPU
		{1ABDA1E5-D3BB-4562-9ED7-59F7CBC40A28}.Release|Any CPU.ActiveCfg = Release|Any CPU
		{1ABDA1E5-D3BB-4562-9ED7-59F7CBC40A28}.Release|Any CPU.Build.0 = Release|Any CPU
	EndGlobalSection
	GlobalSection(SolutionProperties) = preSolution
		HideSolutionNode = FALSE
	EndGlobalSection
	GlobalSection(ExtensibilityGlobals) = postSolution
		SolutionGuid = {EF416F8C-022B-48D9-B70A-979C5ABC17F9}
	EndGlobalSection
EndGlobal
